
Microsoft Visual Studio Solution File, Format Version 12.00
# Visual Studio Version 16
VisualStudioVersion = 16.0.31624.102
MinimumVisualStudioVersion = 10.0.40219.1
Project("{FAE04EC0-301F-11D3-BF4B-00C04F79EFBC}") = "ConsoleApp 2", "ConsoleApp 2.csproj", "{E5720971-6FAC-4B87-904A-288CCF72B47C}"
EndProject
Global
	GlobalSection(SolutionConfigurationPlatforms) = preSolution
		Debug|Any CPU = Debug|Any CPU
		Release|Any CPU = Release|Any CPU
	EndGlobalSection
	GlobalSection(ProjectConfigurationPlatforms) = postSolution
		{E5720971-6FAC-4B87-904A-288CCF72B47C}.Debug|Any CPU.ActiveCfg = Debug|Any CPU
		{E5720971-6FAC-4B87-904A-288CCF72B47C}.Debug|Any CPU.Build.0 = Debug|Any CPU
		{E5720971-6FAC-4B87-904A-288CCF72B47C}.Release|Any CPU.ActiveCfg = Release|Any CPU
		{E5720971-6FAC-4B87-904A-288CCF72B47C}.Release|Any CPU.Build.0 = Release|Any CPU
	EndGlobalSection
	GlobalSection(SolutionProperties) = preSolution
		HideSolutionNode = FALSE
	EndGlobalSection
	GlobalSection(ExtensibilityGlobals) = postSolution
		SolutionGuid = {7D8BEA93-3CCA-443A-9073-B783703DE3D5}
	EndGlobalSection
EndGlobal
